
Microsoft Visual Studio Solution File, Format Version 12.00
# Visual Studio 2013
VisualStudioVersion = 12.0.31101.0
MinimumVisualStudioVersion = 10.0.40219.1
Project("{2150E333-8FDC-42A3-9474-1A3956D46DE8}") = ".paket", ".paket", "{C5B8B51B-0BED-41D5-A065-513702B37006}"
	ProjectSection(SolutionItems) = preProject
		..\paket.dependencies = ..\paket.dependencies
	EndProjectSection
EndProject
Project("{F2A71F9B-5D33-465A-A702-920D77279786}") = "HtmlApp", "GH-Pages\HtmlApp.fsproj", "{218F37B9-B1BD-433D-9178-DFA9FD779B78}"
EndProject
Global
	GlobalSection(SolutionConfigurationPlatforms) = preSolution
		Debug|Any CPU = Debug|Any CPU
		Release|Any CPU = Release|Any CPU
	EndGlobalSection
	GlobalSection(ProjectConfigurationPlatforms) = postSolution
		{218F37B9-B1BD-433D-9178-DFA9FD779B78}.Debug|Any CPU.ActiveCfg = Debug|Any CPU
		{218F37B9-B1BD-433D-9178-DFA9FD779B78}.Debug|Any CPU.Build.0 = Debug|Any CPU
		{218F37B9-B1BD-433D-9178-DFA9FD779B78}.Release|Any CPU.ActiveCfg = Release|Any CPU
		{218F37B9-B1BD-433D-9178-DFA9FD779B78}.Release|Any CPU.Build.0 = Release|Any CPU
	EndGlobalSection
	GlobalSection(SolutionProperties) = preSolution
		HideSolutionNode = FALSE
	EndGlobalSection
EndGlobal
